
Microsoft Visual Studio Solution File, Format Version 12.00
# Visual Studio 15
VisualStudioVersion = 15.0.26228.9
MinimumVisualStudioVersion = 10.0.40219.1
Project("{FAE04EC0-301F-11D3-BF4B-00C04F79EFBC}") = "RS.MeusPedidos.Domain", "RS.MeusPedidos.Domain\RS.MeusPedidos.Domain.csproj", "{5435F354-2C56-4CD3-BA4B-04F817C33129}"
EndProject
Project("{FAE04EC0-301F-11D3-BF4B-00C04F79EFBC}") = "RS.MeusPedidos.Infrastructure.Data", "RS.MeusPedidos.Infrastructure.Data\RS.MeusPedidos.Infrastructure.Data.csproj", "{151AD1EF-EEC6-4DF2-B281-C1F58C52E4D0}"
EndProject
Project("{2150E333-8FDC-42A3-9474-1A3956D46DE8}") = "Presentation", "Presentation", "{00858653-5C06-483E-BB34-0B32649397F7}"
EndProject
Project("{2150E333-8FDC-42A3-9474-1A3956D46DE8}") = "Domain", "Domain", "{AD9BD58C-B238-4DAD-B959-A89241211CB4}"
EndProject
Project("{2150E333-8FDC-42A3-9474-1A3956D46DE8}") = "Application", "Application", "{01335DFC-58F3-4696-84DC-842D37AA5CD6}"
EndProject
Project("{2150E333-8FDC-42A3-9474-1A3956D46DE8}") = "Infrastructure", "Infrastructure", "{0F0E080D-7281-431D-9601-120B7B324EEF}"
EndProject
Project("{2150E333-8FDC-42A3-9474-1A3956D46DE8}") = "Data", "Data", "{24BA2BE5-B0A4-4C23-BCEC-6B6C77F46FBF}"
EndProject
Project("{2150E333-8FDC-42A3-9474-1A3956D46DE8}") = "Services", "Services", "{3E73EF8C-7E68-4909-BB29-0B9007B4E28C}"
EndProject
Project("{2150E333-8FDC-42A3-9474-1A3956D46DE8}") = "CrossCutting", "CrossCutting", "{32666ED6-0820-47BE-A0A1-089B2D687A90}"
EndProject
Project("{2150E333-8FDC-42A3-9474-1A3956D46DE8}") = "IoC", "IoC", "{0F0BE37E-AAE9-48D8-A7B3-439380493BC1}"
EndProject
Project("{2150E333-8FDC-42A3-9474-1A3956D46DE8}") = "Domain", "Domain", "{CBD00ED7-4108-493D-BDA2-8CB9FB4E3738}"
EndProject
Project("{2150E333-8FDC-42A3-9474-1A3956D46DE8}") = "Application", "Application", "{BD3E71C6-D28B-41F5-961D-FBF3BE2FFC59}"
EndProject
Project("{FAE04EC0-301F-11D3-BF4B-00C04F79EFBC}") = "RS.MeusPedidos.Infrastructure.CrossCutting.IoC.Domain", "RS.MeusPedidos.Infrastructure.CrossCutting.IoC.Domain\RS.MeusPedidos.Infrastructure.CrossCutting.IoC.Domain.csproj", "{3C70FBAD-B5C2-4D17-B502-6B293F26022B}"
EndProject
Project("{FAE04EC0-301F-11D3-BF4B-00C04F79EFBC}") = "RS.MeusPedidos.Infrastructure.CrossCutting.IoC.Application", "RS.MeusPedidos.Infrastructure.CrossCutting.IoC.Application\RS.MeusPedidos.Infrastructure.CrossCutting.IoC.Application.csproj", "{B55DFADC-447D-4EB3-BC23-446042A6434C}"
EndProject
Project("{FAE04EC0-301F-11D3-BF4B-00C04F79EFBC}") = "RS.MeusPedidos.Application", "RS.MeusPedidos.Application\RS.MeusPedidos.Application.csproj", "{E7A581A2-ADC3-48BF-AA52-B22E6E87A384}"
EndProject
Project("{FAE04EC0-301F-11D3-BF4B-00C04F79EFBC}") = "RS.MeusPedidos.Presentation", "RS.MeusPedidos.Presentation\RS.MeusPedidos.Presentation.csproj", "{7496884A-16D3-4432-B2DD-F702F189BB46}"
EndProject
Project("{2150E333-8FDC-42A3-9474-1A3956D46DE8}") = "Utility", "Utility", "{C458F458-C3F6-43D4-A8C2-E99E5440203E}"
EndProject
Project("{FAE04EC0-301F-11D3-BF4B-00C04F79EFBC}") = "RS.MeusPedidos.Infrastructure.CrossCutting.Utility", "RS.MeusPedidos.Infrastructure.CrossCutting.Utility\RS.MeusPedidos.Infrastructure.CrossCutting.Utility.csproj", "{F00DC208-759B-4E20-A220-F6D41C9FD857}"
EndProject
Project("{FAE04EC0-301F-11D3-BF4B-00C04F79EFBC}") = "RS.MeusPedidos.Services", "RS.MeusPedidos.Services\RS.MeusPedidos.Services.csproj", "{8C8224A9-32B1-4A89-AC05-9184321A3657}"
EndProject
Project("{FAE04EC0-301F-11D3-BF4B-00C04F79EFBC}") = "RS.MeusPedidos.Application.Tests", "RS.MeusPedidos.Application.Tests\RS.MeusPedidos.Application.Tests.csproj", "{B4200392-63C6-4D75-B40E-32E8EE8D02DF}"
EndProject
Project("{2150E333-8FDC-42A3-9474-1A3956D46DE8}") = "Solution Items", "Solution Items", "{EA3D0DC7-BF60-49EC-A0AC-1CAD64BE8E28}"
	ProjectSection(SolutionItems) = preProject
		README.md = README.md
	EndProjectSection
EndProject
Global
	GlobalSection(SolutionConfigurationPlatforms) = preSolution
		Debug|Any CPU = Debug|Any CPU
		Release|Any CPU = Release|Any CPU
	EndGlobalSection
	GlobalSection(ProjectConfigurationPlatforms) = postSolution
		{5435F354-2C56-4CD3-BA4B-04F817C33129}.Debug|Any CPU.ActiveCfg = Debug|Any CPU
		{5435F354-2C56-4CD3-BA4B-04F817C33129}.Debug|Any CPU.Build.0 = Debug|Any CPU
		{5435F354-2C56-4CD3-BA4B-04F817C33129}.Release|Any CPU.ActiveCfg = Release|Any CPU
		{5435F354-2C56-4CD3-BA4B-04F817C33129}.Release|Any CPU.Build.0 = Release|Any CPU
		{151AD1EF-EEC6-4DF2-B281-C1F58C52E4D0}.Debug|Any CPU.ActiveCfg = Debug|Any CPU
		{151AD1EF-EEC6-4DF2-B281-C1F58C52E4D0}.Debug|Any CPU.Build.0 = Debug|Any CPU
		{151AD1EF-EEC6-4DF2-B281-C1F58C52E4D0}.Release|Any CPU.ActiveCfg = Release|Any CPU
		{151AD1EF-EEC6-4DF2-B281-C1F58C52E4D0}.Release|Any CPU.Build.0 = Release|Any CPU
		{3C70FBAD-B5C2-4D17-B502-6B293F26022B}.Debug|Any CPU.ActiveCfg = Debug|Any CPU
		{3C70FBAD-B5C2-4D17-B502-6B293F26022B}.Debug|Any CPU.Build.0 = Debug|Any CPU
		{3C70FBAD-B5C2-4D17-B502-6B293F26022B}.Release|Any CPU.ActiveCfg = Release|Any CPU
		{3C70FBAD-B5C2-4D17-B502-6B293F26022B}.Release|Any CPU.Build.0 = Release|Any CPU
		{B55DFADC-447D-4EB3-BC23-446042A6434C}.Debug|Any CPU.ActiveCfg = Debug|Any CPU
		{B55DFADC-447D-4EB3-BC23-446042A6434C}.Debug|Any CPU.Build.0 = Debug|Any CPU
		{B55DFADC-447D-4EB3-BC23-446042A6434C}.Release|Any CPU.ActiveCfg = Release|Any CPU
		{B55DFADC-447D-4EB3-BC23-446042A6434C}.Release|Any CPU.Build.0 = Release|Any CPU
		{E7A581A2-ADC3-48BF-AA52-B22E6E87A384}.Debug|Any CPU.ActiveCfg = Debug|Any CPU
		{E7A581A2-ADC3-48BF-AA52-B22E6E87A384}.Debug|Any CPU.Build.0 = Debug|Any CPU
		{E7A581A2-ADC3-48BF-AA52-B22E6E87A384}.Release|Any CPU.ActiveCfg = Release|Any CPU
		{E7A581A2-ADC3-48BF-AA52-B22E6E87A384}.Release|Any CPU.Build.0 = Release|Any CPU
		{7496884A-16D3-4432-B2DD-F702F189BB46}.Debug|Any CPU.ActiveCfg = Debug|Any CPU
		{7496884A-16D3-4432-B2DD-F702F189BB46}.Debug|Any CPU.Build.0 = Debug|Any CPU
		{7496884A-16D3-4432-B2DD-F702F189BB46}.Release|Any CPU.ActiveCfg = Release|Any CPU
		{7496884A-16D3-4432-B2DD-F702F189BB46}.Release|Any CPU.Build.0 = Release|Any CPU
		{F00DC208-759B-4E20-A220-F6D41C9FD857}.Debug|Any CPU.ActiveCfg = Debug|Any CPU
		{F00DC208-759B-4E20-A220-F6D41C9FD857}.Debug|Any CPU.Build.0 = Debug|Any CPU
		{F00DC208-759B-4E20-A220-F6D41C9FD857}.Release|Any CPU.ActiveCfg = Release|Any CPU
		{F00DC208-759B-4E20-A220-F6D41C9FD857}.Release|Any CPU.Build.0 = Release|Any CPU
		{8C8224A9-32B1-4A89-AC05-9184321A3657}.Debug|Any CPU.ActiveCfg = Debug|Any CPU
		{8C8224A9-32B1-4A89-AC05-9184321A3657}.Debug|Any CPU.Build.0 = Debug|Any CPU
		{8C8224A9-32B1-4A89-AC05-9184321A3657}.Release|Any CPU.ActiveCfg = Release|Any CPU
		{8C8224A9-32B1-4A89-AC05-9184321A3657}.Release|Any CPU.Build.0 = Release|Any CPU
		{B4200392-63C6-4D75-B40E-32E8EE8D02DF}.Debug|Any CPU.ActiveCfg = Debug|Any CPU
		{B4200392-63C6-4D75-B40E-32E8EE8D02DF}.Debug|Any CPU.Build.0 = Debug|Any CPU
		{B4200392-63C6-4D75-B40E-32E8EE8D02DF}.Release|Any CPU.ActiveCfg = Release|Any CPU
		{B4200392-63C6-4D75-B40E-32E8EE8D02DF}.Release|Any CPU.Build.0 = Release|Any CPU
	EndGlobalSection
	GlobalSection(SolutionProperties) = preSolution
		HideSolutionNode = FALSE
	EndGlobalSection
	GlobalSection(NestedProjects) = preSolution
		{5435F354-2C56-4CD3-BA4B-04F817C33129} = {AD9BD58C-B238-4DAD-B959-A89241211CB4}
		{151AD1EF-EEC6-4DF2-B281-C1F58C52E4D0} = {24BA2BE5-B0A4-4C23-BCEC-6B6C77F46FBF}
		{24BA2BE5-B0A4-4C23-BCEC-6B6C77F46FBF} = {0F0E080D-7281-431D-9601-120B7B324EEF}
		{32666ED6-0820-47BE-A0A1-089B2D687A90} = {0F0E080D-7281-431D-9601-120B7B324EEF}
		{0F0BE37E-AAE9-48D8-A7B3-439380493BC1} = {32666ED6-0820-47BE-A0A1-089B2D687A90}
		{CBD00ED7-4108-493D-BDA2-8CB9FB4E3738} = {0F0BE37E-AAE9-48D8-A7B3-439380493BC1}
		{BD3E71C6-D28B-41F5-961D-FBF3BE2FFC59} = {0F0BE37E-AAE9-48D8-A7B3-439380493BC1}
		{3C70FBAD-B5C2-4D17-B502-6B293F26022B} = {CBD00ED7-4108-493D-BDA2-8CB9FB4E3738}
		{B55DFADC-447D-4EB3-BC23-446042A6434C} = {BD3E71C6-D28B-41F5-961D-FBF3BE2FFC59}
		{E7A581A2-ADC3-48BF-AA52-B22E6E87A384} = {01335DFC-58F3-4696-84DC-842D37AA5CD6}
		{7496884A-16D3-4432-B2DD-F702F189BB46} = {00858653-5C06-483E-BB34-0B32649397F7}
		{C458F458-C3F6-43D4-A8C2-E99E5440203E} = {32666ED6-0820-47BE-A0A1-089B2D687A90}
		{F00DC208-759B-4E20-A220-F6D41C9FD857} = {C458F458-C3F6-43D4-A8C2-E99E5440203E}
		{8C8224A9-32B1-4A89-AC05-9184321A3657} = {3E73EF8C-7E68-4909-BB29-0B9007B4E28C}
		{B4200392-63C6-4D75-B40E-32E8EE8D02DF} = {01335DFC-58F3-4696-84DC-842D37AA5CD6}
	EndGlobalSection
EndGlobal
